Microsoft Visual Studio Solution File, Format Version 11.00
# Visual Studio 2008

Project("{D1FAEEEA-458F-16F8-5979-EC37BB376486}") = "Furrever Pawsitive", "Assembly-CSharp.csproj", "{866F3F15-9F0D-C8D0-8232-FC4690AAFB88}"
EndProject
Global
	GlobalSection(SolutionConfigurationPlatforms) = preSolution
		Debug|Any CPU = Debug|Any CPU
		Release|Any CPU = Release|Any CPU
	EndGlobalSection
	GlobalSection(ProjectConfigurationPlatforms) = postSolution
		{866F3F15-9F0D-C8D0-8232-FC4690AAFB88}.Debug|Any CPU.ActiveCfg = Debug|Any CPU
		{866F3F15-9F0D-C8D0-8232-FC4690AAFB88}.Debug|Any CPU.Build.0 = Debug|Any CPU
		{866F3F15-9F0D-C8D0-8232-FC4690AAFB88}.Release|Any CPU.ActiveCfg = Release|Any CPU
		{866F3F15-9F0D-C8D0-8232-FC4690AAFB88}.Release|Any CPU.Build.0 = Release|Any CPU
	EndGlobalSection
	GlobalSection(SolutionProperties) = preSolution
		HideSolutionNode = FALSE
	EndGlobalSection
	GlobalSection(MonoDevelopProperties) = preSolution
		StartupItem = Assembly-CSharp.csproj
	EndGlobalSection
EndGlobal
